
Microsoft Visual Studio Solution File, Format Version 12.00
# Visual Studio Version 17
VisualStudioVersion = 17.5.33627.172
MinimumVisualStudioVersion = 10.0.40219.1
Project("{9A19103F-16F7-4668-BE54-9A1E7A4F7556}") = "WebApi", "WebApi\WebApi.csproj", "{4C4520D6-972F-45F8-90EF-AFE847A0C93D}"
EndProject
Project("{9A19103F-16F7-4668-BE54-9A1E7A4F7556}") = "Application", "Application\Application.csproj", "{7474E169-1AE6-468F-8991-0C6DEC30135F}"
EndProject
Project("{9A19103F-16F7-4668-BE54-9A1E7A4F7556}") = "DataAccess", "DataAccess\DataAccess.csproj", "{BFE37E55-7652-49D7-BF2B-638FE264A943}"
EndProject
Project("{9A19103F-16F7-4668-BE54-9A1E7A4F7556}") = "Identity", "Identity\Identity.csproj", "{97999B26-893E-4723-994F-0610AB3E1BC3}"
EndProject
Global
	GlobalSection(SolutionConfigurationPlatforms) = preSolution
		Debug|Any CPU = Debug|Any CPU
		Release|Any CPU = Release|Any CPU
	EndGlobalSection
	GlobalSection(ProjectConfigurationPlatforms) = postSolution
		{4C4520D6-972F-45F8-90EF-AFE847A0C93D}.Debug|Any CPU.ActiveCfg = Debug|Any CPU
		{4C4520D6-972F-45F8-90EF-AFE847A0C93D}.Debug|Any CPU.Build.0 = Debug|Any CPU
		{4C4520D6-972F-45F8-90EF-AFE847A0C93D}.Release|Any CPU.ActiveCfg = Release|Any CPU
		{4C4520D6-972F-45F8-90EF-AFE847A0C93D}.Release|Any CPU.Build.0 = Release|Any CPU
		{7474E169-1AE6-468F-8991-0C6DEC30135F}.Debug|Any CPU.ActiveCfg = Debug|Any CPU
		{7474E169-1AE6-468F-8991-0C6DEC30135F}.Debug|Any CPU.Build.0 = Debug|Any CPU
		{7474E169-1AE6-468F-8991-0C6DEC30135F}.Release|Any CPU.ActiveCfg = Release|Any CPU
		{7474E169-1AE6-468F-8991-0C6DEC30135F}.Release|Any CPU.Build.0 = Release|Any CPU
		{BFE37E55-7652-49D7-BF2B-638FE264A943}.Debug|Any CPU.ActiveCfg = Debug|Any CPU
		{BFE37E55-7652-49D7-BF2B-638FE264A943}.Debug|Any CPU.Build.0 = Debug|Any CPU
		{BFE37E55-7652-49D7-BF2B-638FE264A943}.Release|Any CPU.ActiveCfg = Release|Any CPU
		{BFE37E55-7652-49D7-BF2B-638FE264A943}.Release|Any CPU.Build.0 = Release|Any CPU
		{97999B26-893E-4723-994F-0610AB3E1BC3}.Debug|Any CPU.ActiveCfg = Debug|Any CPU
		{97999B26-893E-4723-994F-0610AB3E1BC3}.Debug|Any CPU.Build.0 = Debug|Any CPU
		{97999B26-893E-4723-994F-0610AB3E1BC3}.Release|Any CPU.ActiveCfg = Release|Any CPU
		{97999B26-893E-4723-994F-0610AB3E1BC3}.Release|Any CPU.Build.0 = Release|Any CPU
	EndGlobalSection
	GlobalSection(SolutionProperties) = preSolution
		HideSolutionNode = FALSE
	EndGlobalSection
	GlobalSection(ExtensibilityGlobals) = postSolution
		SolutionGuid = {834CA64B-4059-476C-9A8F-FC72D05F46BE}
	EndGlobalSection
EndGlobal
